
Microsoft Visual Studio Solution File, Format Version 12.00
# Visual Studio Version 17
VisualStudioVersion = 17.7.34221.43
MinimumVisualStudioVersion = 10.0.40219.1
Project("{FAE04EC0-301F-11D3-BF4B-00C04F79EFBC}") = "ProductAPI", "ProductAPI.csproj", "{9E901A80-E74C-4FF8-ABB2-24246AEA712D}"
EndProject
Global
	GlobalSection(SolutionConfigurationPlatforms) = preSolution
		Debug|Any CPU = Debug|Any CPU
		Release|Any CPU = Release|Any CPU
	EndGlobalSection
	GlobalSection(ProjectConfigurationPlatforms) = postSolution
		{9E901A80-E74C-4FF8-ABB2-24246AEA712D}.Debug|Any CPU.ActiveCfg = Debug|Any CPU
		{9E901A80-E74C-4FF8-ABB2-24246AEA712D}.Debug|Any CPU.Build.0 = Debug|Any CPU
		{9E901A80-E74C-4FF8-ABB2-24246AEA712D}.Release|Any CPU.ActiveCfg = Release|Any CPU
		{9E901A80-E74C-4FF8-ABB2-24246AEA712D}.Release|Any CPU.Build.0 = Release|Any CPU
	EndGlobalSection
	GlobalSection(SolutionProperties) = preSolution
		HideSolutionNode = FALSE
	EndGlobalSection
	GlobalSection(ExtensibilityGlobals) = postSolution
		SolutionGuid = {DDE64AE9-DE54-410E-837B-F138B1CBCFB0}
	EndGlobalSection
EndGlobal
